
Microsoft Visual Studio Solution File, Format Version 12.00
# Visual Studio Version 17
VisualStudioVersion = 17.0.31903.59
MinimumVisualStudioVersion = 10.0.40219.1
Project("{FAE04EC0-301F-11D3-BF4B-00C04F79EFBC}") = "AdmxParser", "AdmxParser\AdmxParser.csproj", "{00A63321-677F-4EE9-A509-164562FBF684}"
EndProject
Project("{2150E333-8FDC-42A3-9474-1A3956D46DE8}") = "솔루션 항목", "솔루션 항목", "{A6A5E752-FB13-4D94-ACFF-187DD8C26303}"
	ProjectSection(SolutionItems) = preProject
		..\README.md = ..\README.md
	EndProjectSection
EndProject
Global
	GlobalSection(SolutionConfigurationPlatforms) = preSolution
		Debug|Any CPU = Debug|Any CPU
		Release|Any CPU = Release|Any CPU
	EndGlobalSection
	GlobalSection(ProjectConfigurationPlatforms) = postSolution
		{00A63321-677F-4EE9-A509-164562FBF684}.Debug|Any CPU.ActiveCfg = Debug|Any CPU
		{00A63321-677F-4EE9-A509-164562FBF684}.Debug|Any CPU.Build.0 = Debug|Any CPU
		{00A63321-677F-4EE9-A509-164562FBF684}.Release|Any CPU.ActiveCfg = Release|Any CPU
		{00A63321-677F-4EE9-A509-164562FBF684}.Release|Any CPU.Build.0 = Release|Any CPU
	EndGlobalSection
	GlobalSection(SolutionProperties) = preSolution
		HideSolutionNode = FALSE
	EndGlobalSection
	GlobalSection(ExtensibilityGlobals) = postSolution
		SolutionGuid = {8DCC9FA3-1A64-4F92-8C3B-FD769F0823CD}
	EndGlobalSection
EndGlobal
